
Microsoft Visual Studio Solution File, Format Version 12.00
# Visual Studio Version 16
VisualStudioVersion = 16.0.30804.86
MinimumVisualStudioVersion = 10.0.40219.1
Project("{FAE04EC0-301F-11D3-BF4B-00C04F79EFBC}") = "Lab9-14-12-2020", "Lab9-14-12-2020\Lab9-14-12-2020.csproj", "{A759AA63-2044-43CD-9B42-FE9B0CCFF286}"
EndProject
Global
	GlobalSection(SolutionConfigurationPlatforms) = preSolution
		Debug|Any CPU = Debug|Any CPU
		Release|Any CPU = Release|Any CPU
	EndGlobalSection
	GlobalSection(ProjectConfigurationPlatforms) = postSolution
		{A759AA63-2044-43CD-9B42-FE9B0CCFF286}.Debug|Any CPU.ActiveCfg = Debug|Any CPU
		{A759AA63-2044-43CD-9B42-FE9B0CCFF286}.Debug|Any CPU.Build.0 = Debug|Any CPU
		{A759AA63-2044-43CD-9B42-FE9B0CCFF286}.Release|Any CPU.ActiveCfg = Release|Any CPU
		{A759AA63-2044-43CD-9B42-FE9B0CCFF286}.Release|Any CPU.Build.0 = Release|Any CPU
	EndGlobalSection
	GlobalSection(SolutionProperties) = preSolution
		HideSolutionNode = FALSE
	EndGlobalSection
	GlobalSection(ExtensibilityGlobals) = postSolution
		SolutionGuid = {00AAAC36-4088-4FF6-87A5-8F9374D854A9}
	EndGlobalSection
EndGlobal
