
Microsoft Visual Studio Solution File, Format Version 12.00
# Visual Studio Version 16
VisualStudioVersion = 16.0.30611.23
MinimumVisualStudioVersion = 10.0.40219.1
Project("{FAE04EC0-301F-11D3-BF4B-00C04F79EFBC}") = "Lab3-02-11-2020", "Lab3-02-11-2020\Lab3-02-11-2020.csproj", "{93166B35-542F-4682-B7BC-4FA5629BFB0D}"
EndProject
Global
	GlobalSection(SolutionConfigurationPlatforms) = preSolution
		Debug|Any CPU = Debug|Any CPU
		Release|Any CPU = Release|Any CPU
	EndGlobalSection
	GlobalSection(ProjectConfigurationPlatforms) = postSolution
		{93166B35-542F-4682-B7BC-4FA5629BFB0D}.Debug|Any CPU.ActiveCfg = Debug|Any CPU
		{93166B35-542F-4682-B7BC-4FA5629BFB0D}.Debug|Any CPU.Build.0 = Debug|Any CPU
		{93166B35-542F-4682-B7BC-4FA5629BFB0D}.Release|Any CPU.ActiveCfg = Release|Any CPU
		{93166B35-542F-4682-B7BC-4FA5629BFB0D}.Release|Any CPU.Build.0 = Release|Any CPU
	EndGlobalSection
	GlobalSection(SolutionProperties) = preSolution
		HideSolutionNode = FALSE
	EndGlobalSection
	GlobalSection(ExtensibilityGlobals) = postSolution
		SolutionGuid = {302B5B9C-C32C-4610-8F95-06642456EBD8}
	EndGlobalSection
EndGlobal
