
Microsoft Visual Studio Solution File, Format Version 12.00
# Visual Studio Version 16
VisualStudioVersion = 16.0.30804.86
MinimumVisualStudioVersion = 10.0.40219.1
Project("{FAE04EC0-301F-11D3-BF4B-00C04F79EFBC}") = "PrimeNum", "PrimeNum\PrimeNum.csproj", "{FCF1715F-9073-4F8F-89E9-DB6CAFEDFB03}"
EndProject
Project("{FAE04EC0-301F-11D3-BF4B-00C04F79EFBC}") = "Calculator", "Calculator\Calculator.csproj", "{D757034F-AA50-480E-80EA-F6A9B16AC915}"
EndProject
Global
	GlobalSection(SolutionConfigurationPlatforms) = preSolution
		Debug|Any CPU = Debug|Any CPU
		Release|Any CPU = Release|Any CPU
	EndGlobalSection
	GlobalSection(ProjectConfigurationPlatforms) = postSolution
		{FCF1715F-9073-4F8F-89E9-DB6CAFEDFB03}.Debug|Any CPU.ActiveCfg = Debug|Any CPU
		{FCF1715F-9073-4F8F-89E9-DB6CAFEDFB03}.Debug|Any CPU.Build.0 = Debug|Any CPU
		{FCF1715F-9073-4F8F-89E9-DB6CAFEDFB03}.Release|Any CPU.ActiveCfg = Release|Any CPU
		{FCF1715F-9073-4F8F-89E9-DB6CAFEDFB03}.Release|Any CPU.Build.0 = Release|Any CPU
		{D757034F-AA50-480E-80EA-F6A9B16AC915}.Debug|Any CPU.ActiveCfg = Debug|Any CPU
		{D757034F-AA50-480E-80EA-F6A9B16AC915}.Debug|Any CPU.Build.0 = Debug|Any CPU
		{D757034F-AA50-480E-80EA-F6A9B16AC915}.Release|Any CPU.ActiveCfg = Release|Any CPU
		{D757034F-AA50-480E-80EA-F6A9B16AC915}.Release|Any CPU.Build.0 = Release|Any CPU
	EndGlobalSection
	GlobalSection(SolutionProperties) = preSolution
		HideSolutionNode = FALSE
	EndGlobalSection
	GlobalSection(ExtensibilityGlobals) = postSolution
		SolutionGuid = {5F2D65B7-234E-42C8-9903-6865E29AF09C}
	EndGlobalSection
EndGlobal
